{
  "originHash" : "85539a60a4141a0288d7899335e678953eac0191838b555c286a1af07f4b36ea",
  "pins" : [
    {
      "identity" : "spconfetti",
      "kind" : "remoteSourceControl",
      "location" : "https://github.com/ivanvorobei/SPConfetti",
      "state" : {
        "revision" : "0896bbf9ec20eaf125598d0f36ee5f1049117e18",
        "version" : "1.4.2"
      }
    }
  ],
  "version" : 3
}
